
Microsoft Visual Studio Solution File, Format Version 12.00
# Visual Studio Version 17
VisualStudioVersion = 17.0.31903.59
MinimumVisualStudioVersion = 10.0.40219.1
Project("{2150E333-8FDC-42A3-9474-1A3956D46DE8}") = "src", "src", "{5D515F34-F1A1-48A8-B377-A8451F3765B5}"
EndProject
Project("{2150E333-8FDC-42A3-9474-1A3956D46DE8}") = "test", "test", "{0200A7F9-E192-48B9-A8B8-96118BB18098}"
EndProject
Project("{9A19103F-16F7-4668-BE54-9A1E7A4F7556}") = "Pelican.Presentation.Api", "Pelican.Presentation.Api\Pelican.Presentation.Api.csproj", "{DD4DF552-05C6-4F19-9A39-53FEC8DAE96A}"
EndProject
Project("{9A19103F-16F7-4668-BE54-9A1E7A4F7556}") = "Pelican.Domain", "Pelican.Domain\Pelican.Domain.csproj", "{48A0FCB4-B29E-474B-B7FD-7DBD58983325}"
EndProject
Project("{9A19103F-16F7-4668-BE54-9A1E7A4F7556}") = "Pelican.Application", "Pelican.Application\Pelican.Application.csproj", "{617CB2E7-2D7B-4307-BC64-6FD3037D71C1}"
EndProject
Project("{9A19103F-16F7-4668-BE54-9A1E7A4F7556}") = "Pelican.Infrastructure.Persistence", "Pelican.Infrastructure.Persistence\Pelican.Infrastructure.Persistence.csproj", "{8B787CBC-755C-4BCB-865C-6DA50E75C228}"
EndProject
Project("{9A19103F-16F7-4668-BE54-9A1E7A4F7556}") = "Pelican.Infrastructure.HubSpot", "Pelican.Infrastructure.HubSpot\Pelican.Infrastructure.HubSpot.csproj", "{D1A91F65-9625-44CA-A1C0-99B3FFBD6266}"
EndProject
Project("{9A19103F-16F7-4668-BE54-9A1E7A4F7556}") = "Pelican.Presentation.GraphQL", "Pelican.Presentation.GraphQL\Pelican.Presentation.GraphQL.csproj", "{028B5717-61D7-4D0B-B36A-0245409AECF6}"
EndProject
Project("{9A19103F-16F7-4668-BE54-9A1E7A4F7556}") = "Pelican.Application.Test", "Pelican.Application.Test\Pelican.Application.Test.csproj", "{6BE11877-9829-43B6-A146-C2792B7BADCF}"
EndProject
Project("{9A19103F-16F7-4668-BE54-9A1E7A4F7556}") = "Pelican.Infrastructure.Persistence.Test", "Pelican.Infrastructure.Test\Pelican.Infrastructure.Persistence.Test.csproj", "{DA0C37CF-433B-45E4-8DAF-2205A7C8EF77}"
EndProject
Project("{9A19103F-16F7-4668-BE54-9A1E7A4F7556}") = "Pelican.Presentation.Api.Test", "Pelican.Presentation.Api.Test\Pelican.Presentation.Api.Test.csproj", "{F17C8065-806F-4391-A1E6-B282B80D494D}"
EndProject
Project("{9A19103F-16F7-4668-BE54-9A1E7A4F7556}") = "Pelican.Presentation.GraphQL.Test", "Pelican.Presentation.GraphQL.Test\Pelican.Presentation.GraphQL.Test.csproj", "{2B48F1CD-B88E-4111-8341-01309A874253}"
EndProject
Project("{2150E333-8FDC-42A3-9474-1A3956D46DE8}") = "Solution Items", "Solution Items", "{6326A8D2-2AAF-47B9-BC93-E4EE3BDC34EB}"
	ProjectSection(SolutionItems) = preProject
		.editorconfig = .editorconfig
		.gitignore = .gitignore
		coverlet.runsettings = coverlet.runsettings
	EndProjectSection
EndProject
Project("{FAE04EC0-301F-11D3-BF4B-00C04F79EFBC}") = "Pelican.Infrastructure.HubSpot.Test", "Pelican.Infrastructure.HubSpot.Test\Pelican.Infrastructure.HubSpot.Test.csproj", "{5AC14E89-2962-41EC-8383-C2EE51F2E5A1}"
EndProject
Global
	GlobalSection(SolutionConfigurationPlatforms) = preSolution
		Debug|Any CPU = Debug|Any CPU
		Release|Any CPU = Release|Any CPU
	EndGlobalSection
	GlobalSection(ProjectConfigurationPlatforms) = postSolution
		{DD4DF552-05C6-4F19-9A39-53FEC8DAE96A}.Debug|Any CPU.ActiveCfg = Debug|Any CPU
		{DD4DF552-05C6-4F19-9A39-53FEC8DAE96A}.Debug|Any CPU.Build.0 = Debug|Any CPU
		{DD4DF552-05C6-4F19-9A39-53FEC8DAE96A}.Release|Any CPU.ActiveCfg = Release|Any CPU
		{DD4DF552-05C6-4F19-9A39-53FEC8DAE96A}.Release|Any CPU.Build.0 = Release|Any CPU
		{48A0FCB4-B29E-474B-B7FD-7DBD58983325}.Debug|Any CPU.ActiveCfg = Debug|Any CPU
		{48A0FCB4-B29E-474B-B7FD-7DBD58983325}.Debug|Any CPU.Build.0 = Debug|Any CPU
		{48A0FCB4-B29E-474B-B7FD-7DBD58983325}.Release|Any CPU.ActiveCfg = Release|Any CPU
		{48A0FCB4-B29E-474B-B7FD-7DBD58983325}.Release|Any CPU.Build.0 = Release|Any CPU
		{617CB2E7-2D7B-4307-BC64-6FD3037D71C1}.Debug|Any CPU.ActiveCfg = Debug|Any CPU
		{617CB2E7-2D7B-4307-BC64-6FD3037D71C1}.Debug|Any CPU.Build.0 = Debug|Any CPU
		{617CB2E7-2D7B-4307-BC64-6FD3037D71C1}.Release|Any CPU.ActiveCfg = Release|Any CPU
		{617CB2E7-2D7B-4307-BC64-6FD3037D71C1}.Release|Any CPU.Build.0 = Release|Any CPU
		{8B787CBC-755C-4BCB-865C-6DA50E75C228}.Debug|Any CPU.ActiveCfg = Debug|Any CPU
		{8B787CBC-755C-4BCB-865C-6DA50E75C228}.Debug|Any CPU.Build.0 = Debug|Any CPU
		{8B787CBC-755C-4BCB-865C-6DA50E75C228}.Release|Any CPU.ActiveCfg = Release|Any CPU
		{8B787CBC-755C-4BCB-865C-6DA50E75C228}.Release|Any CPU.Build.0 = Release|Any CPU
		{D1A91F65-9625-44CA-A1C0-99B3FFBD6266}.Debug|Any CPU.ActiveCfg = Debug|Any CPU
		{D1A91F65-9625-44CA-A1C0-99B3FFBD6266}.Debug|Any CPU.Build.0 = Debug|Any CPU
		{D1A91F65-9625-44CA-A1C0-99B3FFBD6266}.Release|Any CPU.ActiveCfg = Release|Any CPU
		{D1A91F65-9625-44CA-A1C0-99B3FFBD6266}.Release|Any CPU.Build.0 = Release|Any CPU
		{028B5717-61D7-4D0B-B36A-0245409AECF6}.Debug|Any CPU.ActiveCfg = Debug|Any CPU
		{028B5717-61D7-4D0B-B36A-0245409AECF6}.Debug|Any CPU.Build.0 = Debug|Any CPU
		{028B5717-61D7-4D0B-B36A-0245409AECF6}.Release|Any CPU.ActiveCfg = Release|Any CPU
		{028B5717-61D7-4D0B-B36A-0245409AECF6}.Release|Any CPU.Build.0 = Release|Any CPU
		{6BE11877-9829-43B6-A146-C2792B7BADCF}.Debug|Any CPU.ActiveCfg = Debug|Any CPU
		{6BE11877-9829-43B6-A146-C2792B7BADCF}.Debug|Any CPU.Build.0 = Debug|Any CPU
		{6BE11877-9829-43B6-A146-C2792B7BADCF}.Release|Any CPU.ActiveCfg = Release|Any CPU
		{6BE11877-9829-43B6-A146-C2792B7BADCF}.Release|Any CPU.Build.0 = Release|Any CPU
		{DA0C37CF-433B-45E4-8DAF-2205A7C8EF77}.Debug|Any CPU.ActiveCfg = Debug|Any CPU
		{DA0C37CF-433B-45E4-8DAF-2205A7C8EF77}.Debug|Any CPU.Build.0 = Debug|Any CPU
		{DA0C37CF-433B-45E4-8DAF-2205A7C8EF77}.Release|Any CPU.ActiveCfg = Release|Any CPU
		{DA0C37CF-433B-45E4-8DAF-2205A7C8EF77}.Release|Any CPU.Build.0 = Release|Any CPU
		{F17C8065-806F-4391-A1E6-B282B80D494D}.Debug|Any CPU.ActiveCfg = Debug|Any CPU
		{F17C8065-806F-4391-A1E6-B282B80D494D}.Debug|Any CPU.Build.0 = Debug|Any CPU
		{F17C8065-806F-4391-A1E6-B282B80D494D}.Release|Any CPU.ActiveCfg = Release|Any CPU
		{F17C8065-806F-4391-A1E6-B282B80D494D}.Release|Any CPU.Build.0 = Release|Any CPU
		{2B48F1CD-B88E-4111-8341-01309A874253}.Debug|Any CPU.ActiveCfg = Debug|Any CPU
		{2B48F1CD-B88E-4111-8341-01309A874253}.Debug|Any CPU.Build.0 = Debug|Any CPU
		{2B48F1CD-B88E-4111-8341-01309A874253}.Release|Any CPU.ActiveCfg = Release|Any CPU
		{2B48F1CD-B88E-4111-8341-01309A874253}.Release|Any CPU.Build.0 = Release|Any CPU
		{5AC14E89-2962-41EC-8383-C2EE51F2E5A1}.Debug|Any CPU.ActiveCfg = Debug|Any CPU
		{5AC14E89-2962-41EC-8383-C2EE51F2E5A1}.Debug|Any CPU.Build.0 = Debug|Any CPU
		{5AC14E89-2962-41EC-8383-C2EE51F2E5A1}.Release|Any CPU.ActiveCfg = Release|Any CPU
		{5AC14E89-2962-41EC-8383-C2EE51F2E5A1}.Release|Any CPU.Build.0 = Release|Any CPU
	EndGlobalSection
	GlobalSection(SolutionProperties) = preSolution
		HideSolutionNode = FALSE
	EndGlobalSection
	GlobalSection(NestedProjects) = preSolution
		{DD4DF552-05C6-4F19-9A39-53FEC8DAE96A} = {5D515F34-F1A1-48A8-B377-A8451F3765B5}
		{48A0FCB4-B29E-474B-B7FD-7DBD58983325} = {5D515F34-F1A1-48A8-B377-A8451F3765B5}
		{617CB2E7-2D7B-4307-BC64-6FD3037D71C1} = {5D515F34-F1A1-48A8-B377-A8451F3765B5}
		{8B787CBC-755C-4BCB-865C-6DA50E75C228} = {5D515F34-F1A1-48A8-B377-A8451F3765B5}
		{D1A91F65-9625-44CA-A1C0-99B3FFBD6266} = {5D515F34-F1A1-48A8-B377-A8451F3765B5}
		{028B5717-61D7-4D0B-B36A-0245409AECF6} = {5D515F34-F1A1-48A8-B377-A8451F3765B5}
		{6BE11877-9829-43B6-A146-C2792B7BADCF} = {0200A7F9-E192-48B9-A8B8-96118BB18098}
		{DA0C37CF-433B-45E4-8DAF-2205A7C8EF77} = {0200A7F9-E192-48B9-A8B8-96118BB18098}
		{F17C8065-806F-4391-A1E6-B282B80D494D} = {0200A7F9-E192-48B9-A8B8-96118BB18098}
		{2B48F1CD-B88E-4111-8341-01309A874253} = {0200A7F9-E192-48B9-A8B8-96118BB18098}
		{5AC14E89-2962-41EC-8383-C2EE51F2E5A1} = {0200A7F9-E192-48B9-A8B8-96118BB18098}
	EndGlobalSection
	GlobalSection(ExtensibilityGlobals) = postSolution
		SolutionGuid = {C8DAB442-8E34-49C4-9368-B34D51D4E924}
	EndGlobalSection
EndGlobal
